github.com/rs/cors v1.7.0 h1:+88SsELBHx5r+hZ8TCkggzSstaWNbDvThkVK8H6f9ik=
github.com/rs/cors v1.7.0/go.mod h1:gFx+x8UowdsKA9AchylcLynDq+nNFfI8FkUZdN/jGCU=
github.com/spaolacci/murmur3 v1.1.0 h1:7c1g84S4BPRrfL5Xrdp6fOJ206sU9y293DDHaoy0bLI=
github.com/spaolacci/murmur3 v1.1.0/go.mod h1:JwIasOWyU6f++ZhiEuf87xNszmSA2myDM2Kzu9HwQUA=
github.com/willf/bitset v1.1.10 h1:NotGKqX0KwQ72NUzqrjZq5ipPNDQex9lo3WpaS8L2sc=
github.com/willf/bitset v1.1.10/go.mod h1:RjeCKbqT1RxIR/KWY6phxZiaY1IyutSBfGjNPySAYV4=
github.com/willf/bloom v2.0.3+incompatible h1:QDacWdqcAUI1MPOwIQZRy9kOR7yxfyEmxX8Wdm2/JPA=
github.com/willf/bloom v2.0.3+incompatible/go.mod h1:MmAltL9pDMNTrvUkxdg0k0q5I0suxmuwp3KbyrZLOZ8=
